// !$*UTF8*$!
{
	archiveVersion = 1;
	classes = {
	};
	objectVersion = 48;
	objects = {

/* Begin PBXBuildFile section */
		485B89CE2014A7E800DAE6C1 /* BottomMapViewController.swift in Sources */ = {isa = PBXBuildFile; fileRef = 485B89CD2014A7E800DAE6C1 /* BottomMapViewController.swift */; };
		485B89D22014AD0500DAE6C1 /* BottomMapViewController.xib in Resources */ = {isa = PBXBuildFile; fileRef = 485B89D12014AD0500DAE6C1 /* BottomMapViewController.xib */; };
		485B89D42014D91500DAE6C1 /* POIMapAnnotation.swift in Sources */ = {isa = PBXBuildFile; fileRef = 485B89D32014D91500DAE6C1 /* POIMapAnnotation.swift */; };
		487BA9FD2010FF7500C549C8 /* WelcomeViewController.swift in Sources */ = {isa = PBXBuildFile; fileRef = 487BA9FC2010FF7500C549C8 /* WelcomeViewController.swift */; };
		487BA9FF2011051000C549C8 /* PreferencesViewController.swift in Sources */ = {isa = PBXBuildFile; fileRef = 487BA9FE2011051000C549C8 /* PreferencesViewController.swift */; };
		48825D4D20111BB000753E0D /* MapViewController.swift in Sources */ = {isa = PBXBuildFile; fileRef = 48825D4C20111BB000753E0D /* MapViewController.swift */; };
		4898C0EC1FAA5D9B00D4B081 /* POIDetailViewController.swift in Sources */ = {isa = PBXBuildFile; fileRef = 4898C0EB1FAA5D9B00D4B081 /* POIDetailViewController.swift */; };
		48A9441C1F98A86D00FD5B2E /* AppDelegate.swift in Sources */ = {isa = PBXBuildFile; fileRef = 48A9441B1F98A86D00FD5B2E /* AppDelegate.swift */; };
		48A9441E1F98A86D00FD5B2E /* ARViewController.swift in Sources */ = {isa = PBXBuildFile; fileRef = 48A9441D1F98A86D00FD5B2E /* ARViewController.swift */; };
		48A944211F98A86D00FD5B2E /* Main.storyboard in Resources */ = {isa = PBXBuildFile; fileRef = 48A9441F1F98A86D00FD5B2E /* Main.storyboard */; };
		48A944231F98A86D00FD5B2E /* Assets.xcassets in Resources */ = {isa = PBXBuildFile; fileRef = 48A944221F98A86D00FD5B2E /* Assets.xcassets */; };
		48A944261F98A86D00FD5B2E /* LaunchScreen.storyboard in Resources */ = {isa = PBXBuildFile; fileRef = 48A944241F98A86D00FD5B2E /* LaunchScreen.storyboard */; };
		48B738A020121AE100FE1DEE /* RootPageViewController.swift in Sources */ = {isa = PBXBuildFile; fileRef = 48B7389F20121AE100FE1DEE /* RootPageViewController.swift */; };
		48B738A72012639700FE1DEE /* PreferencesCell.swift in Sources */ = {isa = PBXBuildFile; fileRef = 48B738A62012639700FE1DEE /* PreferencesCell.swift */; };
		BD27BF832013E0CE00115503 /* PoiTableViewCell.swift in Sources */ = {isa = PBXBuildFile; fileRef = BD27BF822013E0CE00115503 /* PoiTableViewCell.swift */; };
		BD27BF852013E36E00115503 /* PoiTableViewController.swift in Sources */ = {isa = PBXBuildFile; fileRef = BD27BF842013E36E00115503 /* PoiTableViewController.swift */; };
		BDF994A320129245001754C7 /* LocationService.swift in Sources */ = {isa = PBXBuildFile; fileRef = BDF994A220129245001754C7 /* LocationService.swift */; };
		D700F19C2011FA6400CB0BE8 /* Offer.swift in Sources */ = {isa = PBXBuildFile; fileRef = D700F19B2011FA6400CB0BE8 /* Offer.swift */; };
		D700F19F2011FB9D00CB0BE8 /* OfferMapper.swift in Sources */ = {isa = PBXBuildFile; fileRef = D700F19E2011FB9D00CB0BE8 /* OfferMapper.swift */; };
		D7188FD22014E02500CE2EED /* ColorTests.swift in Sources */ = {isa = PBXBuildFile; fileRef = D7188FD12014E02500CE2EED /* ColorTests.swift */; };
		D7188FD42014E65900CE2EED /* WelcomeScreenTest.swift in Sources */ = {isa = PBXBuildFile; fileRef = D7188FD32014E65900CE2EED /* WelcomeScreenTest.swift */; };
		D73F05102014FF1E005CA0B7 /* POIDisplayView.swift in Sources */ = {isa = PBXBuildFile; fileRef = D73F050F2014FF1E005CA0B7 /* POIDisplayView.swift */; };
		D795606420110417007B75AA /* PoiType.swift in Sources */ = {isa = PBXBuildFile; fileRef = D795606320110416007B75AA /* PoiType.swift */; };
		D795606620110649007B75AA /* PoiTypeFetcher.swift in Sources */ = {isa = PBXBuildFile; fileRef = D795606520110649007B75AA /* PoiTypeFetcher.swift */; };
		D7ECB63C1F991691009FDD71 /* POIBubbleView.xib in Resources */ = {isa = PBXBuildFile; fileRef = D7ECB63B1F991691009FDD71 /* POIBubbleView.xib */; };
		D7ECB63E1F9916B8009FDD71 /* POIBubbleView.swift in Sources */ = {isa = PBXBuildFile; fileRef = D7ECB63D1F9916B8009FDD71 /* POIBubbleView.swift */; };
		D7ECB6421F99181B009FDD71 /* Color.swift in Sources */ = {isa = PBXBuildFile; fileRef = D7ECB6411F99181B009FDD71 /* Color.swift */; };
		D7ECB6451F991B21009FDD71 /* PointOfInterest.swift in Sources */ = {isa = PBXBuildFile; fileRef = D7ECB6441F991B21009FDD71 /* PointOfInterest.swift */; };
		D7ECB6481F99F404009FDD71 /* POIFetcher.swift in Sources */ = {isa = PBXBuildFile; fileRef = D7ECB6471F99F404009FDD71 /* POIFetcher.swift */; };
		D7ECB64A1F9A06DB009FDD71 /* DistantPOIBubbleView.swift in Sources */ = {isa = PBXBuildFile; fileRef = D7ECB6491F9A06DB009FDD71 /* DistantPOIBubbleView.swift */; };
		D7ECB64C1F9A06F0009FDD71 /* DistantPOIBubbleView.xib in Resources */ = {isa = PBXBuildFile; fileRef = D7ECB64B1F9A06F0009FDD71 /* DistantPOIBubbleView.xib */; };
		E4334A8520110F1900C059FD /* ExplorePageController.swift in Sources */ = {isa = PBXBuildFile; fileRef = E4334A8420110F1900C059FD /* ExplorePageController.swift */; };
		E4334A892011140800C059FD /* CategoryCell.swift in Sources */ = {isa = PBXBuildFile; fileRef = E4334A882011140800C059FD /* CategoryCell.swift */; };
		E4F7D33420138C66005C3ECF /* StorageController.swift in Sources */ = {isa = PBXBuildFile; fileRef = E4F7D33320138C66005C3ECF /* StorageController.swift */; };
		FFFF1B21D04EB634E08A0EBB /* Pods_Pleyeces.framework in Frameworks */ = {isa = PBXBuildFile; fileRef = A151DE6E781E4EE9804C3C1F /* Pods_Pleyeces.framework */; };
/* End PBXBuildFile section */

/* Begin PBXContainerItemProxy section */
		D7188FCC2014DA8200CE2EED /* PBXContainerItemProxy */ = {
			isa = PBXContainerItemProxy;
			containerPortal = 48A944101F98A86D00FD5B2E /* Project object */;
			proxyType = 1;
			remoteGlobalIDString = 48A944171F98A86D00FD5B2E;
			remoteInfo = Pleyeces;
		};
/* End PBXContainerItemProxy section */

/* Begin PBXFileReference section */
		485B89CD2014A7E800DAE6C1 /* BottomMapViewController.swift */ = {isa = PBXFileReference; lastKnownFileType = sourcecode.swift; path = BottomMapViewController.swift; sourceTree = "<group>"; };
		485B89D12014AD0500DAE6C1 /* BottomMapViewController.xib */ = {isa = PBXFileReference; lastKnownFileType = file.xib; path = BottomMapViewController.xib; sourceTree = "<group>"; };
		485B89D32014D91500DAE6C1 /* POIMapAnnotation.swift */ = {isa = PBXFileReference; lastKnownFileType = sourcecode.swift; path = POIMapAnnotation.swift; sourceTree = "<group>"; };
		487BA9FC2010FF7500C549C8 /* WelcomeViewController.swift */ = {isa = PBXFileReference; lastKnownFileType = sourcecode.swift; path = WelcomeViewController.swift; sourceTree = "<group>"; };
		487BA9FE2011051000C549C8 /* PreferencesViewController.swift */ = {isa = PBXFileReference; lastKnownFileType = sourcecode.swift; path = PreferencesViewController.swift; sourceTree = "<group>"; };
		48825D4C20111BB000753E0D /* MapViewController.swift */ = {isa = PBXFileReference; lastKnownFileType = sourcecode.swift; path = MapViewController.swift; sourceTree = "<group>"; };
		4898C0EB1FAA5D9B00D4B081 /* POIDetailViewController.swift */ = {isa = PBXFileReference; lastKnownFileType = sourcecode.swift; path = POIDetailViewController.swift; sourceTree = "<group>"; };
		48A944181F98A86D00FD5B2E /* Pleyeces.app */ = {isa = PBXFileReference; explicitFileType = wrapper.application; includeInIndex = 0; path = Pleyeces.app; sourceTree = BUILT_PRODUCTS_DIR; };
		48A9441B1F98A86D00FD5B2E /* AppDelegate.swift */ = {isa = PBXFileReference; lastKnownFileType = sourcecode.swift; path = AppDelegate.swift; sourceTree = "<group>"; };
		48A9441D1F98A86D00FD5B2E /* ARViewController.swift */ = {isa = PBXFileReference; lastKnownFileType = sourcecode.swift; path = ARViewController.swift; sourceTree = "<group>"; };
		48A944201F98A86D00FD5B2E /* Base */ = {isa = PBXFileReference; lastKnownFileType = file.storyboard; name = Base; path = Base.lproj/Main.storyboard; sourceTree = "<group>"; };
		48A944221F98A86D00FD5B2E /* Assets.xcassets */ = {isa = PBXFileReference; lastKnownFileType = folder.assetcatalog; path = Assets.xcassets; sourceTree = "<group>"; };
		48A944251F98A86D00FD5B2E /* Base */ = {isa = PBXFileReference; lastKnownFileType = file.storyboard; name = Base; path = Base.lproj/LaunchScreen.storyboard; sourceTree = "<group>"; };
		48A944271F98A86D00FD5B2E /* Info.plist */ = {isa = PBXFileReference; lastKnownFileType = text.plist.xml; path = Info.plist; sourceTree = "<group>"; };
		48B7389F20121AE100FE1DEE /* RootPageViewController.swift */ = {isa = PBXFileReference; lastKnownFileType = sourcecode.swift; path = RootPageViewController.swift; sourceTree = "<group>"; };
		48B738A62012639700FE1DEE /* PreferencesCell.swift */ = {isa = PBXFileReference; lastKnownFileType = sourcecode.swift; path = PreferencesCell.swift; sourceTree = "<group>"; };
		7FF148AC3BC566BAC99F5EFD /* Pods-Pleyeces.release.xcconfig */ = {isa = PBXFileReference; includeInIndex = 1; lastKnownFileType = text.xcconfig; name = "Pods-Pleyeces.release.xcconfig"; path = "Pods/Target Support Files/Pods-Pleyeces/Pods-Pleyeces.release.xcconfig"; sourceTree = "<group>"; };
		A151DE6E781E4EE9804C3C1F /* Pods_Pleyeces.framework */ = {isa = PBXFileReference; explicitFileType = wrapper.framework; includeInIndex = 0; path = Pods_Pleyeces.framework; sourceTree = BUILT_PRODUCTS_DIR; };
		BD27BF822013E0CE00115503 /* PoiTableViewCell.swift */ = {isa = PBXFileReference; lastKnownFileType = sourcecode.swift; path = PoiTableViewCell.swift; sourceTree = "<group>"; };
		BD27BF842013E36E00115503 /* PoiTableViewController.swift */ = {isa = PBXFileReference; lastKnownFileType = sourcecode.swift; path = PoiTableViewController.swift; sourceTree = "<group>"; };
		BDF994A220129245001754C7 /* LocationService.swift */ = {isa = PBXFileReference; lastKnownFileType = sourcecode.swift; path = LocationService.swift; sourceTree = "<group>"; };
		BEEAD955A833B2BBE0D233F9 /* Pods-Pleyeces.debug.xcconfig */ = {isa = PBXFileReference; includeInIndex = 1; lastKnownFileType = text.xcconfig; name = "Pods-Pleyeces.debug.xcconfig"; path = "Pods/Target Support Files/Pods-Pleyeces/Pods-Pleyeces.debug.xcconfig"; sourceTree = "<group>"; };
		D700F19B2011FA6400CB0BE8 /* Offer.swift */ = {isa = PBXFileReference; lastKnownFileType = sourcecode.swift; path = Offer.swift; sourceTree = "<group>"; };
		D700F19E2011FB9D00CB0BE8 /* OfferMapper.swift */ = {isa = PBXFileReference; lastKnownFileType = sourcecode.swift; path = OfferMapper.swift; sourceTree = "<group>"; };
		D703D3C520127D570059ABB5 /* Pleyeces.entitlements */ = {isa = PBXFileReference; lastKnownFileType = text.plist.entitlements; path = Pleyeces.entitlements; sourceTree = "<group>"; };
		D7188FC72014DA8200CE2EED /* PleyecesTests.xctest */ = {isa = PBXFileReference; explicitFileType = wrapper.cfbundle; includeInIndex = 0; path = PleyecesTests.xctest; sourceTree = BUILT_PRODUCTS_DIR; };
		D7188FCB2014DA8200CE2EED /* Info.plist */ = {isa = PBXFileReference; lastKnownFileType = text.plist.xml; path = Info.plist; sourceTree = "<group>"; };
		D7188FD12014E02500CE2EED /* ColorTests.swift */ = {isa = PBXFileReference; lastKnownFileType = sourcecode.swift; path = ColorTests.swift; sourceTree = "<group>"; };
		D7188FD32014E65900CE2EED /* WelcomeScreenTest.swift */ = {isa = PBXFileReference; lastKnownFileType = sourcecode.swift; path = WelcomeScreenTest.swift; sourceTree = "<group>"; };
		D73F050F2014FF1E005CA0B7 /* POIDisplayView.swift */ = {isa = PBXFileReference; lastKnownFileType = sourcecode.swift; path = POIDisplayView.swift; sourceTree = "<group>"; };
		D795606320110416007B75AA /* PoiType.swift */ = {isa = PBXFileReference; lastKnownFileType = sourcecode.swift; path = PoiType.swift; sourceTree = "<group>"; };
		D795606520110649007B75AA /* PoiTypeFetcher.swift */ = {isa = PBXFileReference; lastKnownFileType = sourcecode.swift; path = PoiTypeFetcher.swift; sourceTree = "<group>"; };
		D7ECB63B1F991691009FDD71 /* POIBubbleView.xib */ = {isa = PBXFileReference; lastKnownFileType = file.xib; path = POIBubbleView.xib; sourceTree = "<group>"; };
		D7ECB63D1F9916B8009FDD71 /* POIBubbleView.swift */ = {isa = PBXFileReference; lastKnownFileType = sourcecode.swift; path = POIBubbleView.swift; sourceTree = "<group>"; };
		D7ECB6411F99181B009FDD71 /* Color.swift */ = {isa = PBXFileReference; lastKnownFileType = sourcecode.swift; path = Color.swift; sourceTree = "<group>"; };
		D7ECB6441F991B21009FDD71 /* PointOfInterest.swift */ = {isa = PBXFileReference; lastKnownFileType = sourcecode.swift; path = PointOfInterest.swift; sourceTree = "<group>"; };
		D7ECB6471F99F404009FDD71 /* POIFetcher.swift */ = {isa = PBXFileReference; lastKnownFileType = sourcecode.swift; path = POIFetcher.swift; sourceTree = "<group>"; };
		D7ECB6491F9A06DB009FDD71 /* DistantPOIBubbleView.swift */ = {isa = PBXFileReference; lastKnownFileType = sourcecode.swift; path = DistantPOIBubbleView.swift; sourceTree = "<group>"; };
		D7ECB64B1F9A06F0009FDD71 /* DistantPOIBubbleView.xib */ = {isa = PBXFileReference; lastKnownFileType = file.xib; path = DistantPOIBubbleView.xib; sourceTree = "<group>"; };
		E4334A8420110F1900C059FD /* ExplorePageController.swift */ = {isa = PBXFileReference; lastKnownFileType = sourcecode.swift; path = ExplorePageController.swift; sourceTree = "<group>"; };
		E4334A882011140800C059FD /* CategoryCell.swift */ = {isa = PBXFileReference; lastKnownFileType = sourcecode.swift; path = CategoryCell.swift; sourceTree = "<group>"; };
		E4F7D33320138C66005C3ECF /* StorageController.swift */ = {isa = PBXFileReference; lastKnownFileType = sourcecode.swift; path = StorageController.swift; sourceTree = "<group>"; };
/* End PBXFileReference section */

/* Begin PBXFrameworksBuildPhase section */
		48A944151F98A86D00FD5B2E /* Frameworks */ = {
			isa = PBXFrameworksBuildPhase;
			buildActionMask = 2147483647;
			files = (
				FFFF1B21D04EB634E08A0EBB /* Pods_Pleyeces.framework in Frameworks */,
			);
			runOnlyForDeploymentPostprocessing = 0;
		};
		D7188FC42014DA8200CE2EED /* Frameworks */ = {
			isa = PBXFrameworksBuildPhase;
			buildActionMask = 2147483647;
			files = (
			);
			runOnlyForDeploymentPostprocessing = 0;
		};
/* End PBXFrameworksBuildPhase section */

/* Begin PBXGroup section */
		485B89D52014DFE200DAE6C1 /* Map */ = {
			isa = PBXGroup;
			children = (
				485B89D82014E05A00DAE6C1 /* Annotations */,
				485B89D62014DFFF00DAE6C1 /* Controllers */,
			);
			path = Map;
			sourceTree = "<group>";
		};
		485B89D62014DFFF00DAE6C1 /* Controllers */ = {
			isa = PBXGroup;
			children = (
				485B89D12014AD0500DAE6C1 /* BottomMapViewController.xib */,
				485B89CD2014A7E800DAE6C1 /* BottomMapViewController.swift */,
				48825D4C20111BB000753E0D /* MapViewController.swift */,
			);
			path = Controllers;
			sourceTree = "<group>";
		};
		485B89D82014E05A00DAE6C1 /* Annotations */ = {
			isa = PBXGroup;
			children = (
				485B89D32014D91500DAE6C1 /* POIMapAnnotation.swift */,
			);
			path = Annotations;
			sourceTree = "<group>";
		};
		48A9440F1F98A86D00FD5B2E = {
			isa = PBXGroup;
			children = (
				48A9441A1F98A86D00FD5B2E /* Pleyeces */,
				D7188FC82014DA8200CE2EED /* PleyecesTests */,
				48A944191F98A86D00FD5B2E /* Products */,
				670993E94E61D72617720039 /* Pods */,
				64778807E5553A2BBC838AFC /* Frameworks */,
			);
			sourceTree = "<group>";
		};
		48A944191F98A86D00FD5B2E /* Products */ = {
			isa = PBXGroup;
			children = (
				48A944181F98A86D00FD5B2E /* Pleyeces.app */,
				D7188FC72014DA8200CE2EED /* PleyecesTests.xctest */,
			);
			name = Products;
			sourceTree = "<group>";
		};
		48A9441A1F98A86D00FD5B2E /* Pleyeces */ = {
			isa = PBXGroup;
			children = (
				D703D3C520127D570059ABB5 /* Pleyeces.entitlements */,
				485B89D52014DFE200DAE6C1 /* Map */,
				E4F7D33220138C40005C3ECF /* Storage */,
				48B738A42012635600FE1DEE /* Preferences */,
				E4334A86201113D300C059FD /* Explore */,
				D7ECB63F1F991809009FDD71 /* Common */,
				D7ECB6381F991634009FDD71 /* AugumentedReality */,
				48A9441B1F98A86D00FD5B2E /* AppDelegate.swift */,
				48A9441F1F98A86D00FD5B2E /* Main.storyboard */,
				BD27BF822013E0CE00115503 /* PoiTableViewCell.swift */,
				BD27BF842013E36E00115503 /* PoiTableViewController.swift */,
				48A944221F98A86D00FD5B2E /* Assets.xcassets */,
				48A944241F98A86D00FD5B2E /* LaunchScreen.storyboard */,
				48A944271F98A86D00FD5B2E /* Info.plist */,
				4898C0EB1FAA5D9B00D4B081 /* POIDetailViewController.swift */,
				487BA9FC2010FF7500C549C8 /* WelcomeViewController.swift */,
				48B7389F20121AE100FE1DEE /* RootPageViewController.swift */,
			);
			path = Pleyeces;
			sourceTree = "<group>";
		};
		48B738A42012635600FE1DEE /* Preferences */ = {
			isa = PBXGroup;
			children = (
				48B738A52012636700FE1DEE /* Controller */,
			);
			path = Preferences;
			sourceTree = "<group>";
		};
		48B738A52012636700FE1DEE /* Controller */ = {
			isa = PBXGroup;
			children = (
				487BA9FE2011051000C549C8 /* PreferencesViewController.swift */,
				48B738A62012639700FE1DEE /* PreferencesCell.swift */,
			);
			path = Controller;
			sourceTree = "<group>";
		};
		64778807E5553A2BBC838AFC /* Frameworks */ = {
			isa = PBXGroup;
			children = (
				A151DE6E781E4EE9804C3C1F /* Pods_Pleyeces.framework */,
			);
			name = Frameworks;
			sourceTree = "<group>";
		};
		670993E94E61D72617720039 /* Pods */ = {
			isa = PBXGroup;
			children = (
				BEEAD955A833B2BBE0D233F9 /* Pods-Pleyeces.debug.xcconfig */,
				7FF148AC3BC566BAC99F5EFD /* Pods-Pleyeces.release.xcconfig */,
			);
			name = Pods;
			sourceTree = "<group>";
		};
		D700F19D2011FB8F00CB0BE8 /* Mapper */ = {
			isa = PBXGroup;
			children = (
				D700F19E2011FB9D00CB0BE8 /* OfferMapper.swift */,
			);
			path = Mapper;
			sourceTree = "<group>";
		};
		D7188FC82014DA8200CE2EED /* PleyecesTests */ = {
			isa = PBXGroup;
			children = (
				D7188FD32014E65900CE2EED /* WelcomeScreenTest.swift */,
				D7188FD12014E02500CE2EED /* ColorTests.swift */,
				D7188FCB2014DA8200CE2EED /* Info.plist */,
			);
			path = PleyecesTests;
			sourceTree = "<group>";
		};
		D73F050E2014FF02005CA0B7 /* Contract */ = {
			isa = PBXGroup;
			children = (
				D73F050F2014FF1E005CA0B7 /* POIDisplayView.swift */,
			);
			path = Contract;
			sourceTree = "<group>";
		};
		D7ECB6381F991634009FDD71 /* AugumentedReality */ = {
			isa = PBXGroup;
			children = (
				D7ECB63A1F99165B009FDD71 /* Controllers */,
				D7ECB6391F991652009FDD71 /* Views */,
			);
			path = AugumentedReality;
			sourceTree = "<group>";
		};
		D7ECB6391F991652009FDD71 /* Views */ = {
			isa = PBXGroup;
			children = (
				D7ECB63D1F9916B8009FDD71 /* POIBubbleView.swift */,
				D7ECB63B1F991691009FDD71 /* POIBubbleView.xib */,
				D7ECB6491F9A06DB009FDD71 /* DistantPOIBubbleView.swift */,
				D7ECB64B1F9A06F0009FDD71 /* DistantPOIBubbleView.xib */,
			);
			path = Views;
			sourceTree = "<group>";
		};
		D7ECB63A1F99165B009FDD71 /* Controllers */ = {
			isa = PBXGroup;
			children = (
				48A9441D1F98A86D00FD5B2E /* ARViewController.swift */,
			);
			path = Controllers;
			sourceTree = "<group>";
		};
		D7ECB63F1F991809009FDD71 /* Common */ = {
			isa = PBXGroup;
			children = (
				D73F050E2014FF02005CA0B7 /* Contract */,
				D700F19D2011FB8F00CB0BE8 /* Mapper */,
				D7ECB6461F99F1EC009FDD71 /* Services */,
				D7ECB6431F991B13009FDD71 /* Models */,
				D7ECB6411F99181B009FDD71 /* Color.swift */,
			);
			path = Common;
			sourceTree = "<group>";
		};
		D7ECB6431F991B13009FDD71 /* Models */ = {
			isa = PBXGroup;
			children = (
				D7ECB6441F991B21009FDD71 /* PointOfInterest.swift */,
				D795606320110416007B75AA /* PoiType.swift */,
				D700F19B2011FA6400CB0BE8 /* Offer.swift */,
			);
			path = Models;
			sourceTree = "<group>";
		};
		D7ECB6461F99F1EC009FDD71 /* Services */ = {
			isa = PBXGroup;
			children = (
				D7ECB6471F99F404009FDD71 /* POIFetcher.swift */,
				D795606520110649007B75AA /* PoiTypeFetcher.swift */,
				BDF994A220129245001754C7 /* LocationService.swift */,
			);
			path = Services;
			sourceTree = "<group>";
		};
		E4334A86201113D300C059FD /* Explore */ = {
			isa = PBXGroup;
			children = (
				E4334A87201113E500C059FD /* Controller */,
			);
			path = Explore;
			sourceTree = "<group>";
		};
		E4334A87201113E500C059FD /* Controller */ = {
			isa = PBXGroup;
			children = (
				E4334A8420110F1900C059FD /* ExplorePageController.swift */,
				E4334A882011140800C059FD /* CategoryCell.swift */,
			);
			path = Controller;
			sourceTree = "<group>";
		};
		E4F7D33220138C40005C3ECF /* Storage */ = {
			isa = PBXGroup;
			children = (
				E4F7D33320138C66005C3ECF /* StorageController.swift */,
			);
			path = Storage;
			sourceTree = "<group>";
		};
/* End PBXGroup section */

/* Begin PBXNativeTarget section */
		48A944171F98A86D00FD5B2E /* Pleyeces */ = {
			isa = PBXNativeTarget;
			buildConfigurationList = 48A9442A1F98A86D00FD5B2E /* Build configuration list for PBXNativeTarget "Pleyeces" */;
			buildPhases = (
				894A4D99E864533B64CD9A11 /* [CP] Check Pods Manifest.lock */,
				48A944141F98A86D00FD5B2E /* Sources */,
				48A944151F98A86D00FD5B2E /* Frameworks */,
				48A944161F98A86D00FD5B2E /* Resources */,
				69CFE55B2D95047AF8FB829F /* [CP] Embed Pods Frameworks */,
				72390CA090E625AB0EB5DA6F /* [CP] Copy Pods Resources */,
			);
			buildRules = (
			);
			dependencies = (
			);
			name = Pleyeces;
			productName = Pleyeces;
			productReference = 48A944181F98A86D00FD5B2E /* Pleyeces.app */;
			productType = "com.apple.product-type.application";
		};
		D7188FC62014DA8200CE2EED /* PleyecesTests */ = {
			isa = PBXNativeTarget;
			buildConfigurationList = D7188FD02014DA8200CE2EED /* Build configuration list for PBXNativeTarget "PleyecesTests" */;
			buildPhases = (
				D7188FC32014DA8200CE2EED /* Sources */,
				D7188FC42014DA8200CE2EED /* Frameworks */,
				D7188FC52014DA8200CE2EED /* Resources */,
			);
			buildRules = (
			);
			dependencies = (
				D7188FCD2014DA8200CE2EED /* PBXTargetDependency */,
			);
			name = PleyecesTests;
			productName = PleyecesTests;
			productReference = D7188FC72014DA8200CE2EED /* PleyecesTests.xctest */;
			productType = "com.apple.product-type.bundle.unit-test";
		};
/* End PBXNativeTarget section */

/* Begin PBXProject section */
		48A944101F98A86D00FD5B2E /* Project object */ = {
			isa = PBXProject;
			attributes = {
				LastSwiftUpdateCheck = 0920;
				LastUpgradeCheck = 0900;
				ORGANIZATIONNAME = Kristiana;
				TargetAttributes = {
					48A944171F98A86D00FD5B2E = {
						CreatedOnToolsVersion = 9.0.1;
						ProvisioningStyle = Automatic;
						SystemCapabilities = {
							com.apple.Push = {
								enabled = 0;
							};
						};
					};
					D7188FC62014DA8200CE2EED = {
						CreatedOnToolsVersion = 9.2;
						ProvisioningStyle = Automatic;
						TestTargetID = 48A944171F98A86D00FD5B2E;
					};
				};
			};
			buildConfigurationList = 48A944131F98A86D00FD5B2E /* Build configuration list for PBXProject "Pleyeces" */;
			compatibilityVersion = "Xcode 8.0";
			developmentRegion = en;
			hasScannedForEncodings = 0;
			knownRegions = (
				en,
				Base,
			);
			mainGroup = 48A9440F1F98A86D00FD5B2E;
			productRefGroup = 48A944191F98A86D00FD5B2E /* Products */;
			projectDirPath = "";
			projectRoot = "";
			targets = (
				48A944171F98A86D00FD5B2E /* Pleyeces */,
				D7188FC62014DA8200CE2EED /* PleyecesTests */,
			);
		};
/* End PBXProject section */

/* Begin PBXResourcesBuildPhase section */
		48A944161F98A86D00FD5B2E /* Resources */ = {
			isa = PBXResourcesBuildPhase;
			buildActionMask = 2147483647;
			files = (
				485B89D22014AD0500DAE6C1 /* BottomMapViewController.xib in Resources */,
				48A944261F98A86D00FD5B2E /* LaunchScreen.storyboard in Resources */,
				48A944231F98A86D00FD5B2E /* Assets.xcassets in Resources */,
				D7ECB63C1F991691009FDD71 /* POIBubbleView.xib in Resources */,
				D7ECB64C1F9A06F0009FDD71 /* DistantPOIBubbleView.xib in Resources */,
				48A944211F98A86D00FD5B2E /* Main.storyboard in Resources */,
			);
			runOnlyForDeploymentPostprocessing = 0;
		};
		D7188FC52014DA8200CE2EED /* Resources */ = {
			isa = PBXResourcesBuildPhase;
			buildActionMask = 2147483647;
			files = (
			);
			runOnlyForDeploymentPostprocessing = 0;
		};
/* End PBXResourcesBuildPhase section */

/* Begin PBXShellScriptBuildPhase section */
		69CFE55B2D95047AF8FB829F /* [CP] Embed Pods Frameworks */ = {
			isa = PBXShellScriptBuildPhase;
			buildActionMask = 2147483647;
			files = (
			);
			inputPaths = (
				"${SRCROOT}/Pods/Target Support Files/Pods-Pleyeces/Pods-Pleyeces-frameworks.sh",
				"${BUILT_PRODUCTS_DIR}/ARCL/ARCL.framework",
				"${BUILT_PRODUCTS_DIR}/Alamofire/Alamofire.framework",
				"${BUILT_PRODUCTS_DIR}/SwiftyJSON/SwiftyJSON.framework",
				"${BUILT_PRODUCTS_DIR}/SwiftyUserDefaults/SwiftyUserDefaults.framework",
			);
			name = "[CP] Embed Pods Frameworks";
			outputPaths = (
				"${TARGET_BUILD_DIR}/${FRAMEWORKS_FOLDER_PATH}/ARCL.framework",
				"${TARGET_BUILD_DIR}/${FRAMEWORKS_FOLDER_PATH}/Alamofire.framework",
				"${TARGET_BUILD_DIR}/${FRAMEWORKS_FOLDER_PATH}/SwiftyJSON.framework",
				"${TARGET_BUILD_DIR}/${FRAMEWORKS_FOLDER_PATH}/SwiftyUserDefaults.framework",
			);
			runOnlyForDeploymentPostprocessing = 0;
			shellPath = /bin/sh;
			shellScript = "\"${SRCROOT}/Pods/Target Support Files/Pods-Pleyeces/Pods-Pleyeces-frameworks.sh\"\n";
			showEnvVarsInLog = 0;
		};
		72390CA090E625AB0EB5DA6F /* [CP] Copy Pods Resources */ = {
			isa = PBXShellScriptBuildPhase;
			buildActionMask = 2147483647;
			files = (
			);
			inputPaths = (
			);
			name = "[CP] Copy Pods Resources";
			outputPaths = (
			);
			runOnlyForDeploymentPostprocessing = 0;
			shellPath = /bin/sh;
			shellScript = "\"${SRCROOT}/Pods/Target Support Files/Pods-Pleyeces/Pods-Pleyeces-resources.sh\"\n";
			showEnvVarsInLog = 0;
		};
		894A4D99E864533B64CD9A11 /* [CP] Check Pods Manifest.lock */ = {
			isa = PBXShellScriptBuildPhase;
			buildActionMask = 2147483647;
			files = (
			);
			inputPaths = (
				"${PODS_PODFILE_DIR_PATH}/Podfile.lock",
				"${PODS_ROOT}/Manifest.lock",
			);
			name = "[CP] Check Pods Manifest.lock";
			outputPaths = (
				"$(DERIVED_FILE_DIR)/Pods-Pleyeces-checkManifestLockResult.txt",
			);
			runOnlyForDeploymentPostprocessing = 0;
			shellPath = /bin/sh;
			shellScript = "diff \"${PODS_PODFILE_DIR_PATH}/Podfile.lock\" \"${PODS_ROOT}/Manifest.lock\" > /dev/null\nif [ $? != 0 ] ; then\n    # print error to STDERR\n    echo \"error: The sandbox is not in sync with the Podfile.lock. Run 'pod install' or update your CocoaPods installation.\" >&2\n    exit 1\nfi\n";
			showEnvVarsInLog = 0;
		};
/* End PBXShellScriptBuildPhase section */

/* Begin PBXSourcesBuildPhase section */
		48A944141F98A86D00FD5B2E /* Sources */ = {
			isa = PBXSourcesBuildPhase;
			buildActionMask = 2147483647;
			files = (
				485B89CE2014A7E800DAE6C1 /* BottomMapViewController.swift in Sources */,
				48B738A72012639700FE1DEE /* PreferencesCell.swift in Sources */,
				487BA9FD2010FF7500C549C8 /* WelcomeViewController.swift in Sources */,
				485B89D42014D91500DAE6C1 /* POIMapAnnotation.swift in Sources */,
				BD27BF852013E36E00115503 /* PoiTableViewController.swift in Sources */,
				BDF994A320129245001754C7 /* LocationService.swift in Sources */,
				D700F19F2011FB9D00CB0BE8 /* OfferMapper.swift in Sources */,
				D7ECB64A1F9A06DB009FDD71 /* DistantPOIBubbleView.swift in Sources */,
				E4F7D33420138C66005C3ECF /* StorageController.swift in Sources */,
				D700F19C2011FA6400CB0BE8 /* Offer.swift in Sources */,
				48A9441E1F98A86D00FD5B2E /* ARViewController.swift in Sources */,
				D795606420110417007B75AA /* PoiType.swift in Sources */,
				D73F05102014FF1E005CA0B7 /* POIDisplayView.swift in Sources */,
				4898C0EC1FAA5D9B00D4B081 /* POIDetailViewController.swift in Sources */,
				D795606620110649007B75AA /* PoiTypeFetcher.swift in Sources */,
				D7ECB6421F99181B009FDD71 /* Color.swift in Sources */,
				BD27BF832013E0CE00115503 /* PoiTableViewCell.swift in Sources */,
				487BA9FF2011051000C549C8 /* PreferencesViewController.swift in Sources */,
				D7ECB6451F991B21009FDD71 /* PointOfInterest.swift in Sources */,
				48A9441C1F98A86D00FD5B2E /* AppDelegate.swift in Sources */,
				D7ECB6481F99F404009FDD71 /* POIFetcher.swift in Sources */,
				E4334A8520110F1900C059FD /* ExplorePageController.swift in Sources */,
				D7ECB63E1F9916B8009FDD71 /* POIBubbleView.swift in Sources */,
				48B738A020121AE100FE1DEE /* RootPageViewController.swift in Sources */,
				48825D4D20111BB000753E0D /* MapViewController.swift in Sources */,
				E4334A892011140800C059FD /* CategoryCell.swift in Sources */,
			);
			runOnlyForDeploymentPostprocessing = 0;
		};
		D7188FC32014DA8200CE2EED /* Sources */ = {
			isa = PBXSourcesBuildPhase;
			buildActionMask = 2147483647;
			files = (
				D7188FD42014E65900CE2EED /* WelcomeScreenTest.swift in Sources */,
				D7188FD22014E02500CE2EED /* ColorTests.swift in Sources */,
			);
			runOnlyForDeploymentPostprocessing = 0;
		};
/* End PBXSourcesBuildPhase section */

/* Begin PBXTargetDependency section */
		D7188FCD2014DA8200CE2EED /* PBXTargetDependency */ = {
			isa = PBXTargetDependency;
			target = 48A944171F98A86D00FD5B2E /* Pleyeces */;
			targetProxy = D7188FCC2014DA8200CE2EED /* PBXContainerItemProxy */;
		};
/* End PBXTargetDependency section */

/* Begin PBXVariantGroup section */
		48A9441F1F98A86D00FD5B2E /* Main.storyboard */ = {
			isa = PBXVariantGroup;
			children = (
				48A944201F98A86D00FD5B2E /* Base */,
			);
			name = Main.storyboard;
			sourceTree = "<group>";
		};
		48A944241F98A86D00FD5B2E /* LaunchScreen.storyboard */ = {
			isa = PBXVariantGroup;
			children = (
				48A944251F98A86D00FD5B2E /* Base */,
			);
			name = LaunchScreen.storyboard;
			sourceTree = "<group>";
		};
/* End PBXVariantGroup section */

/* Begin XCBuildConfiguration section */
		48A944281F98A86D00FD5B2E /* Debug */ = {
			isa = XCBuildConfiguration;
			buildSettings = {
				ALWAYS_SEARCH_USER_PATHS = NO;
				CLANG_ANALYZER_NONNULL = YES;
				CLANG_ANALYZER_NUMBER_OBJECT_CONVERSION = YES_AGGRESSIVE;
				CLANG_CXX_LANGUAGE_STANDARD = "gnu++14";
				CLANG_CXX_LIBRARY = "libc++";
				CLANG_ENABLE_MODULES = YES;
				CLANG_ENABLE_OBJC_ARC = YES;
				CLANG_WARN_BLOCK_CAPTURE_AUTORELEASING = YES;
				CLANG_WARN_BOOL_CONVERSION = YES;
				CLANG_WARN_COMMA = YES;
				CLANG_WARN_CONSTANT_CONVERSION = YES;
				CLANG_WARN_DIRECT_OBJC_ISA_USAGE = YES_ERROR;
				CLANG_WARN_DOCUMENTATION_COMMENTS = YES;
				CLANG_WARN_EMPTY_BODY = YES;
				CLANG_WARN_ENUM_CONVERSION = YES;
				CLANG_WARN_INFINITE_RECURSION = YES;
				CLANG_WARN_INT_CONVERSION = YES;
				CLANG_WARN_NON_LITERAL_NULL_CONVERSION = YES;
				CLANG_WARN_OBJC_LITERAL_CONVERSION = YES;
				CLANG_WARN_OBJC_ROOT_CLASS = YES_ERROR;
				CLANG_WARN_RANGE_LOOP_ANALYSIS = YES;
				CLANG_WARN_STRICT_PROTOTYPES = YES;
				CLANG_WARN_SUSPICIOUS_MOVE = YES;
				CLANG_WARN_UNGUARDED_AVAILABILITY = YES_AGGRESSIVE;
				CLANG_WARN_UNREACHABLE_CODE = YES;
				CLANG_WARN__DUPLICATE_METHOD_MATCH = YES;
				CODE_SIGN_IDENTITY = "iPhone Developer";
				COPY_PHASE_STRIP = NO;
				DEBUG_INFORMATION_FORMAT = dwarf;
				ENABLE_STRICT_OBJC_MSGSEND = YES;
				ENABLE_TESTABILITY = YES;
				GCC_C_LANGUAGE_STANDARD = gnu11;
				GCC_DYNAMIC_NO_PIC = NO;
				GCC_NO_COMMON_BLOCKS = YES;
				GCC_OPTIMIZATION_LEVEL = 0;
				GCC_PREPROCESSOR_DEFINITIONS = (
					"DEBUG=1",
					"$(inherited)",
				);
				GCC_WARN_64_TO_32_BIT_CONVERSION = YES;
				GCC_WARN_ABOUT_RETURN_TYPE = YES_ERROR;
				GCC_WARN_UNDECLARED_SELECTOR = YES;
				GCC_WARN_UNINITIALIZED_AUTOS = YES_AGGRESSIVE;
				GCC_WARN_UNUSED_FUNCTION = YES;
				GCC_WARN_UNUSED_VARIABLE = YES;
				IPHONEOS_DEPLOYMENT_TARGET = 11.0;
				MTL_ENABLE_DEBUG_INFO = YES;
				ONLY_ACTIVE_ARCH = YES;
				SDKROOT = iphoneos;
				SWIFT_ACTIVE_COMPILATION_CONDITIONS = DEBUG;
				SWIFT_OPTIMIZATION_LEVEL = "-Onone";
			};
			name = Debug;
		};
		48A944291F98A86D00FD5B2E /* Release */ = {
			isa = XCBuildConfiguration;
			buildSettings = {
				ALWAYS_SEARCH_USER_PATHS = NO;
				CLANG_ANALYZER_NONNULL = YES;
				CLANG_ANALYZER_NUMBER_OBJECT_CONVERSION = YES_AGGRESSIVE;
				CLANG_CXX_LANGUAGE_STANDARD = "gnu++14";
				CLANG_CXX_LIBRARY = "libc++";
				CLANG_ENABLE_MODULES = YES;
				CLANG_ENABLE_OBJC_ARC = YES;
				CLANG_WARN_BLOCK_CAPTURE_AUTORELEASING = YES;
				CLANG_WARN_BOOL_CONVERSION = YES;
				CLANG_WARN_COMMA = YES;
				CLANG_WARN_CONSTANT_CONVERSION = YES;
				CLANG_WARN_DIRECT_OBJC_ISA_USAGE = YES_ERROR;
				CLANG_WARN_DOCUMENTATION_COMMENTS = YES;
				CLANG_WARN_EMPTY_BODY = YES;
				CLANG_WARN_ENUM_CONVERSION = YES;
				CLANG_WARN_INFINITE_RECURSION = YES;
				CLANG_WARN_INT_CONVERSION = YES;
				CLANG_WARN_NON_LITERAL_NULL_CONVERSION = YES;
				CLANG_WARN_OBJC_LITERAL_CONVERSION = YES;
				CLANG_WARN_OBJC_ROOT_CLASS = YES_ERROR;
				CLANG_WARN_RANGE_LOOP_ANALYSIS = YES;
				CLANG_WARN_STRICT_PROTOTYPES = YES;
				CLANG_WARN_SUSPICIOUS_MOVE = YES;
				CLANG_WARN_UNGUARDED_AVAILABILITY = YES_AGGRESSIVE;
				CLANG_WARN_UNREACHABLE_CODE = YES;
				CLANG_WARN__DUPLICATE_METHOD_MATCH = YES;
				CODE_SIGN_IDENTITY = "iPhone Developer";
				COPY_PHASE_STRIP = NO;
				DEBUG_INFORMATION_FORMAT = "dwarf-with-dsym";
				ENABLE_NS_ASSERTIONS = NO;
				ENABLE_STRICT_OBJC_MSGSEND = YES;
				GCC_C_LANGUAGE_STANDARD = gnu11;
				GCC_NO_COMMON_BLOCKS = YES;
				GCC_WARN_64_TO_32_BIT_CONVERSION = YES;
				GCC_WARN_ABOUT_RETURN_TYPE = YES_ERROR;
				GCC_WARN_UNDECLARED_SELECTOR = YES;
				GCC_WARN_UNINITIALIZED_AUTOS = YES_AGGRESSIVE;
				GCC_WARN_UNUSED_FUNCTION = YES;
				GCC_WARN_UNUSED_VARIABLE = YES;
				IPHONEOS_DEPLOYMENT_TARGET = 11.0;
				MTL_ENABLE_DEBUG_INFO = NO;
				SDKROOT = iphoneos;
				SWIFT_OPTIMIZATION_LEVEL = "-Owholemodule";
				VALIDATE_PRODUCT = YES;
			};
			name = Release;
		};
		48A9442B1F98A86D00FD5B2E /* Debug */ = {
			isa = XCBuildConfiguration;
			baseConfigurationReference = BEEAD955A833B2BBE0D233F9 /* Pods-Pleyeces.debug.xcconfig */;
			buildSettings = {
				ASSETCATALOG_COMPILER_APPICON_NAME = AppIcon;
				CODE_SIGN_IDENTITY = "iPhone Developer";
				"CODE_SIGN_IDENTITY[sdk=iphoneos*]" = "iPhone Developer";
				CODE_SIGN_STYLE = Automatic;
				DEVELOPMENT_TEAM = B2Z8J357DK;
				INFOPLIST_FILE = Pleyeces/Info.plist;
				LD_RUNPATH_SEARCH_PATHS = "$(inherited) @executable_path/Frameworks";
				PRODUCT_BUNDLE_IDENTIFIER = "com.pleyeces-filip";
				PRODUCT_NAME = "$(TARGET_NAME)";
				PROVISIONING_PROFILE_SPECIFIER = "";
				SWIFT_VERSION = 4.0;
				TARGETED_DEVICE_FAMILY = "1,2";
			};
			name = Debug;
		};
		48A9442C1F98A86D00FD5B2E /* Release */ = {
			isa = XCBuildConfiguration;
			baseConfigurationReference = 7FF148AC3BC566BAC99F5EFD /* Pods-Pleyeces.release.xcconfig */;
			buildSettings = {
				ASSETCATALOG_COMPILER_APPICON_NAME = AppIcon;
				CODE_SIGN_IDENTITY = "iPhone Developer";
				"CODE_SIGN_IDENTITY[sdk=iphoneos*]" = "iPhone Developer";
				CODE_SIGN_STYLE = Automatic;
				DEVELOPMENT_TEAM = B2Z8J357DK;
				INFOPLIST_FILE = Pleyeces/Info.plist;
				LD_RUNPATH_SEARCH_PATHS = "$(inherited) @executable_path/Frameworks";
				PRODUCT_BUNDLE_IDENTIFIER = "com.pleyeces-filip";
				PRODUCT_NAME = "$(TARGET_NAME)";
				PROVISIONING_PROFILE_SPECIFIER = "";
				SWIFT_VERSION = 4.0;
				TARGETED_DEVICE_FAMILY = "1,2";
			};
			name = Release;
		};
		D7188FCE2014DA8200CE2EED /* Debug */ = {
			isa = XCBuildConfiguration;
			buildSettings = {
				BUNDLE_LOADER = "$(TEST_HOST)";
				CODE_SIGN_STYLE = Automatic;
				DEVELOPMENT_TEAM = B2Z8J357DK;
				INFOPLIST_FILE = PleyecesTests/Info.plist;
				IPHONEOS_DEPLOYMENT_TARGET = 11.2;
				LD_RUNPATH_SEARCH_PATHS = "$(inherited) @executable_path/Frameworks @loader_path/Frameworks";
				PRODUCT_BUNDLE_IDENTIFIER = es.pleyec.PleyecesTests;
				PRODUCT_NAME = "$(TARGET_NAME)";
				SWIFT_VERSION = 4.0;
				TARGETED_DEVICE_FAMILY = "1,2";
				TEST_HOST = "$(BUILT_PRODUCTS_DIR)/Pleyeces.app/Pleyeces";
			};
			name = Debug;
		};
		D7188FCF2014DA8200CE2EED /* Release */ = {
			isa = XCBuildConfiguration;
			buildSettings = {
				BUNDLE_LOADER = "$(TEST_HOST)";
				CODE_SIGN_STYLE = Automatic;
				DEVELOPMENT_TEAM = B2Z8J357DK;
				INFOPLIST_FILE = PleyecesTests/Info.plist;
				IPHONEOS_DEPLOYMENT_TARGET = 11.2;
				LD_RUNPATH_SEARCH_PATHS = "$(inherited) @executable_path/Frameworks @loader_path/Frameworks";
				PRODUCT_BUNDLE_IDENTIFIER = es.pleyec.PleyecesTests;
				PRODUCT_NAME = "$(TARGET_NAME)";
				SWIFT_VERSION = 4.0;
				TARGETED_DEVICE_FAMILY = "1,2";
				TEST_HOST = "$(BUILT_PRODUCTS_DIR)/Pleyeces.app/Pleyeces";
			};
			name = Release;
		};
/* End XCBuildConfiguration section */

/* Begin XCConfigurationList section */
		48A944131F98A86D00FD5B2E /* Build configuration list for PBXProject "Pleyeces" */ = {
			isa = XCConfigurationList;
			buildConfigurations = (
				48A944281F98A86D00FD5B2E /* Debug */,
				48A944291F98A86D00FD5B2E /* Release */,
			);
			defaultConfigurationIsVisible = 0;
			defaultConfigurationName = Release;
		};
		48A9442A1F98A86D00FD5B2E /* Build configuration list for PBXNativeTarget "Pleyeces" */ = {
			isa = XCConfigurationList;
			buildConfigurations = (
				48A9442B1F98A86D00FD5B2E /* Debug */,
				48A9442C1F98A86D00FD5B2E /* Release */,
			);
			defaultConfigurationIsVisible = 0;
			defaultConfigurationName = Release;
		};
		D7188FD02014DA8200CE2EED /* Build configuration list for PBXNativeTarget "PleyecesTests" */ = {
			isa = XCConfigurationList;
			buildConfigurations = (
				D7188FCE2014DA8200CE2EED /* Debug */,
				D7188FCF2014DA8200CE2EED /* Release */,
			);
			defaultConfigurationIsVisible = 0;
			defaultConfigurationName = Release;
		};
/* End XCConfigurationList section */
	};
	rootObject = 48A944101F98A86D00FD5B2E /* Project object */;
}
